
Microsoft Visual Studio Solution File, Format Version 12.00
# Visual Studio Version 16
VisualStudioVersion = 16.0.29409.12
MinimumVisualStudioVersion = 10.0.40219.1
Project("{FAE04EC0-301F-11D3-BF4B-00C04F79EFBC}") = "bgw.compito", "bgw.compito.csproj", "{30D9DCF2-5DA8-41C2-8773-2D4BB38C852A}"
EndProject
Global
	GlobalSection(SolutionConfigurationPlatforms) = preSolution
		Debug|Any CPU = Debug|Any CPU
		Release|Any CPU = Release|Any CPU
	EndGlobalSection
	GlobalSection(ProjectConfigurationPlatforms) = postSolution
		{30D9DCF2-5DA8-41C2-8773-2D4BB38C852A}.Debug|Any CPU.ActiveCfg = Debug|Any CPU
		{30D9DCF2-5DA8-41C2-8773-2D4BB38C852A}.Debug|Any CPU.Build.0 = Debug|Any CPU
		{30D9DCF2-5DA8-41C2-8773-2D4BB38C852A}.Release|Any CPU.ActiveCfg = Release|Any CPU
		{30D9DCF2-5DA8-41C2-8773-2D4BB38C852A}.Release|Any CPU.Build.0 = Release|Any CPU
	EndGlobalSection
	GlobalSection(SolutionProperties) = preSolution
		HideSolutionNode = FALSE
	EndGlobalSection
	GlobalSection(ExtensibilityGlobals) = postSolution
		SolutionGuid = {77300BB1-BD75-428B-9FAF-177031AFF3E5}
	EndGlobalSection
EndGlobal
